
Microsoft Visual Studio Solution File, Format Version 12.00
# Visual Studio Version 16
VisualStudioVersion = 16.0.29806.167
MinimumVisualStudioVersion = 10.0.40219.1
Project("{FAE04EC0-301F-11D3-BF4B-00C04F79EFBC}") = "11_03_20_Homework_BlogLesson_51_Ball_game", "11_03_20_Homework_BlogLesson_51_Ball_game\11_03_20_Homework_BlogLesson_51_Ball_game.csproj", "{6459025F-61C6-4E2F-BC8F-0AF6D55E1CCC}"
EndProject
Global
	GlobalSection(SolutionConfigurationPlatforms) = preSolution
		Debug|Any CPU = Debug|Any CPU
		Release|Any CPU = Release|Any CPU
	EndGlobalSection
	GlobalSection(ProjectConfigurationPlatforms) = postSolution
		{6459025F-61C6-4E2F-BC8F-0AF6D55E1CCC}.Debug|Any CPU.ActiveCfg = Debug|Any CPU
		{6459025F-61C6-4E2F-BC8F-0AF6D55E1CCC}.Debug|Any CPU.Build.0 = Debug|Any CPU
		{6459025F-61C6-4E2F-BC8F-0AF6D55E1CCC}.Release|Any CPU.ActiveCfg = Release|Any CPU
		{6459025F-61C6-4E2F-BC8F-0AF6D55E1CCC}.Release|Any CPU.Build.0 = Release|Any CPU
	EndGlobalSection
	GlobalSection(SolutionProperties) = preSolution
		HideSolutionNode = FALSE
	EndGlobalSection
	GlobalSection(ExtensibilityGlobals) = postSolution
		SolutionGuid = {624B372C-8BC6-4684-AD58-B3CFC54A114F}
	EndGlobalSection
EndGlobal
